
Microsoft Visual Studio Solution File, Format Version 12.00
# Visual Studio Version 16
VisualStudioVersion = 16.0.30413.136
MinimumVisualStudioVersion = 10.0.40219.1
Project("{FAE04EC0-301F-11D3-BF4B-00C04F79EFBC}") = "Robot-Challenge-Basic", "Robot-Challenge-Basic\Robot-Challenge-Basic.csproj", "{C8735EAC-DEF2-4917-825C-6B23870AF89F}"
EndProject
Global
	GlobalSection(SolutionConfigurationPlatforms) = preSolution
		Debug|Any CPU = Debug|Any CPU
		Release|Any CPU = Release|Any CPU
	EndGlobalSection
	GlobalSection(ProjectConfigurationPlatforms) = postSolution
		{C8735EAC-DEF2-4917-825C-6B23870AF89F}.Debug|Any CPU.ActiveCfg = Debug|Any CPU
		{C8735EAC-DEF2-4917-825C-6B23870AF89F}.Debug|Any CPU.Build.0 = Debug|Any CPU
		{C8735EAC-DEF2-4917-825C-6B23870AF89F}.Release|Any CPU.ActiveCfg = Release|Any CPU
		{C8735EAC-DEF2-4917-825C-6B23870AF89F}.Release|Any CPU.Build.0 = Release|Any CPU
	EndGlobalSection
	GlobalSection(SolutionProperties) = preSolution
		HideSolutionNode = FALSE
	EndGlobalSection
	GlobalSection(ExtensibilityGlobals) = postSolution
		SolutionGuid = {3E82072C-6BFE-4D4C-9DE5-9C9649989DD9}
	EndGlobalSection
EndGlobal
